Microsoft Visual Studio Solution File, Format Version 12.00
# Visual Studio Version 17
VisualStudioVersion = 17.5.2.0
MinimumVisualStudioVersion = 10.0.40219.1
Project("{FAE04EC0-301F-11D3-BF4B-00C04F79EFBC}") = "e-commerce", "e-commerce.csproj", "{94F97F80-D94C-978E-C845-20D69BD1A077}"
EndProject
Global
	GlobalSection(SolutionConfigurationPlatforms) = preSolution
		Debug|Any CPU = Debug|Any CPU
		Release|Any CPU = Release|Any CPU
	EndGlobalSection
	GlobalSection(ProjectConfigurationPlatforms) = postSolution
		{94F97F80-D94C-978E-C845-20D69BD1A077}.Debug|Any CPU.ActiveCfg = Debug|Any CPU
		{94F97F80-D94C-978E-C845-20D69BD1A077}.Debug|Any CPU.Build.0 = Debug|Any CPU
		{94F97F80-D94C-978E-C845-20D69BD1A077}.Release|Any CPU.ActiveCfg = Release|Any CPU
		{94F97F80-D94C-978E-C845-20D69BD1A077}.Release|Any CPU.Build.0 = Release|Any CPU
	EndGlobalSection
	GlobalSection(SolutionProperties) = preSolution
		HideSolutionNode = FALSE
	EndGlobalSection
	GlobalSection(ExtensibilityGlobals) = postSolution
		SolutionGuid = {C742E102-5D4B-4D69-9817-BD30C548CCDA}
	EndGlobalSection
EndGlobal
